
Microsoft Visual Studio Solution File, Format Version 12.00
# Visual Studio Version 17
VisualStudioVersion = 17.0.31903.59
MinimumVisualStudioVersion = 10.0.40219.1
Project("{FAE04EC0-301F-11D3-BF4B-00C04F79EFBC}") = "WarGame.Cli", "WarGame.Console\WarGame.Cli.csproj", "{3C8CE0C2-59D0-4EE7-AF02-829C3C397D28}"
EndProject
Project("{FAE04EC0-301F-11D3-BF4B-00C04F79EFBC}") = "WarGame.Core", "WarGame.Core\WarGame.Core.csproj", "{525C7AF5-F37D-44B6-9FB9-93E2253EF37D}"
EndProject
Global
	GlobalSection(SolutionConfigurationPlatforms) = preSolution
		Debug|Any CPU = Debug|Any CPU
		Debug|x64 = Debug|x64
		Debug|x86 = Debug|x86
		Release|Any CPU = Release|Any CPU
		Release|x64 = Release|x64
		Release|x86 = Release|x86
	EndGlobalSection
	GlobalSection(ProjectConfigurationPlatforms) = postSolution
		{3C8CE0C2-59D0-4EE7-AF02-829C3C397D28}.Debug|Any CPU.ActiveCfg = Debug|Any CPU
		{3C8CE0C2-59D0-4EE7-AF02-829C3C397D28}.Debug|Any CPU.Build.0 = Debug|Any CPU
		{3C8CE0C2-59D0-4EE7-AF02-829C3C397D28}.Debug|x64.ActiveCfg = Debug|Any CPU
		{3C8CE0C2-59D0-4EE7-AF02-829C3C397D28}.Debug|x64.Build.0 = Debug|Any CPU
		{3C8CE0C2-59D0-4EE7-AF02-829C3C397D28}.Debug|x86.ActiveCfg = Debug|Any CPU
		{3C8CE0C2-59D0-4EE7-AF02-829C3C397D28}.Debug|x86.Build.0 = Debug|Any CPU
		{3C8CE0C2-59D0-4EE7-AF02-829C3C397D28}.Release|Any CPU.ActiveCfg = Release|Any CPU
		{3C8CE0C2-59D0-4EE7-AF02-829C3C397D28}.Release|Any CPU.Build.0 = Release|Any CPU
		{3C8CE0C2-59D0-4EE7-AF02-829C3C397D28}.Release|x64.ActiveCfg = Release|Any CPU
		{3C8CE0C2-59D0-4EE7-AF02-829C3C397D28}.Release|x64.Build.0 = Release|Any CPU
		{3C8CE0C2-59D0-4EE7-AF02-829C3C397D28}.Release|x86.ActiveCfg = Release|Any CPU
		{3C8CE0C2-59D0-4EE7-AF02-829C3C397D28}.Release|x86.Build.0 = Release|Any CPU
		{525C7AF5-F37D-44B6-9FB9-93E2253EF37D}.Debug|Any CPU.ActiveCfg = Debug|Any CPU
		{525C7AF5-F37D-44B6-9FB9-93E2253EF37D}.Debug|Any CPU.Build.0 = Debug|Any CPU
		{525C7AF5-F37D-44B6-9FB9-93E2253EF37D}.Debug|x64.ActiveCfg = Debug|Any CPU
		{525C7AF5-F37D-44B6-9FB9-93E2253EF37D}.Debug|x64.Build.0 = Debug|Any CPU
		{525C7AF5-F37D-44B6-9FB9-93E2253EF37D}.Debug|x86.ActiveCfg = Debug|Any CPU
		{525C7AF5-F37D-44B6-9FB9-93E2253EF37D}.Debug|x86.Build.0 = Debug|Any CPU
		{525C7AF5-F37D-44B6-9FB9-93E2253EF37D}.Release|Any CPU.ActiveCfg = Release|Any CPU
		{525C7AF5-F37D-44B6-9FB9-93E2253EF37D}.Release|Any CPU.Build.0 = Release|Any CPU
		{525C7AF5-F37D-44B6-9FB9-93E2253EF37D}.Release|x64.ActiveCfg = Release|Any CPU
		{525C7AF5-F37D-44B6-9FB9-93E2253EF37D}.Release|x64.Build.0 = Release|Any CPU
		{525C7AF5-F37D-44B6-9FB9-93E2253EF37D}.Release|x86.ActiveCfg = Release|Any CPU
		{525C7AF5-F37D-44B6-9FB9-93E2253EF37D}.Release|x86.Build.0 = Release|Any CPU
	EndGlobalSection
	GlobalSection(SolutionProperties) = preSolution
		HideSolutionNode = FALSE
	EndGlobalSection
	GlobalSection(ExtensibilityGlobals) = postSolution
		SolutionGuid = {995A6F36-674D-472F-B863-99093A7ADA70}
	EndGlobalSection
EndGlobal
