
Microsoft Visual Studio Solution File, Format Version 12.00
# Visual Studio Version 17
VisualStudioVersion = 17.0.31903.59
MinimumVisualStudioVersion = 10.0.40219.1
Project("{2150E333-8FDC-42A3-9474-1A3956D46DE8}") = "src", "src", "{827E0CD3-B72D-47B6-A68D-7590B98EB39B}"
EndProject
Project("{FAE04EC0-301F-11D3-BF4B-00C04F79EFBC}") = "WarGame.Core", "src\WarGame.Core\WarGame.Core.csproj", "{ECB4DCF9-D48F-4B7C-A0D9-27BB86A95B9B}"
EndProject
Project("{FAE04EC0-301F-11D3-BF4B-00C04F79EFBC}") = "WarGame.Console", "src\WarGame.Console\WarGame.Console.csproj", "{EA3C0E0A-3B54-495D-8C8A-C528B0AB62CA}"
EndProject
Global
	GlobalSection(SolutionConfigurationPlatforms) = preSolution
		Debug|Any CPU = Debug|Any CPU
		Debug|x64 = Debug|x64
		Debug|x86 = Debug|x86
		Release|Any CPU = Release|Any CPU
		Release|x64 = Release|x64
		Release|x86 = Release|x86
	EndGlobalSection
	GlobalSection(ProjectConfigurationPlatforms) = postSolution
		{ECB4DCF9-D48F-4B7C-A0D9-27BB86A95B9B}.Debug|Any CPU.ActiveCfg = Debug|Any CPU
		{ECB4DCF9-D48F-4B7C-A0D9-27BB86A95B9B}.Debug|Any CPU.Build.0 = Debug|Any CPU
		{ECB4DCF9-D48F-4B7C-A0D9-27BB86A95B9B}.Debug|x64.ActiveCfg = Debug|Any CPU
		{ECB4DCF9-D48F-4B7C-A0D9-27BB86A95B9B}.Debug|x64.Build.0 = Debug|Any CPU
		{ECB4DCF9-D48F-4B7C-A0D9-27BB86A95B9B}.Debug|x86.ActiveCfg = Debug|Any CPU
		{ECB4DCF9-D48F-4B7C-A0D9-27BB86A95B9B}.Debug|x86.Build.0 = Debug|Any CPU
		{ECB4DCF9-D48F-4B7C-A0D9-27BB86A95B9B}.Release|Any CPU.ActiveCfg = Release|Any CPU
		{ECB4DCF9-D48F-4B7C-A0D9-27BB86A95B9B}.Release|Any CPU.Build.0 = Release|Any CPU
		{ECB4DCF9-D48F-4B7C-A0D9-27BB86A95B9B}.Release|x64.ActiveCfg = Release|Any CPU
		{ECB4DCF9-D48F-4B7C-A0D9-27BB86A95B9B}.Release|x64.Build.0 = Release|Any CPU
		{ECB4DCF9-D48F-4B7C-A0D9-27BB86A95B9B}.Release|x86.ActiveCfg = Release|Any CPU
		{ECB4DCF9-D48F-4B7C-A0D9-27BB86A95B9B}.Release|x86.Build.0 = Release|Any CPU
		{EA3C0E0A-3B54-495D-8C8A-C528B0AB62CA}.Debug|Any CPU.ActiveCfg = Debug|Any CPU
		{EA3C0E0A-3B54-495D-8C8A-C528B0AB62CA}.Debug|Any CPU.Build.0 = Debug|Any CPU
		{EA3C0E0A-3B54-495D-8C8A-C528B0AB62CA}.Debug|x64.ActiveCfg = Debug|Any CPU
		{EA3C0E0A-3B54-495D-8C8A-C528B0AB62CA}.Debug|x64.Build.0 = Debug|Any CPU
		{EA3C0E0A-3B54-495D-8C8A-C528B0AB62CA}.Debug|x86.ActiveCfg = Debug|Any CPU
		{EA3C0E0A-3B54-495D-8C8A-C528B0AB62CA}.Debug|x86.Build.0 = Debug|Any CPU
		{EA3C0E0A-3B54-495D-8C8A-C528B0AB62CA}.Release|Any CPU.ActiveCfg = Release|Any CPU
		{EA3C0E0A-3B54-495D-8C8A-C528B0AB62CA}.Release|Any CPU.Build.0 = Release|Any CPU
		{EA3C0E0A-3B54-495D-8C8A-C528B0AB62CA}.Release|x64.ActiveCfg = Release|Any CPU
		{EA3C0E0A-3B54-495D-8C8A-C528B0AB62CA}.Release|x64.Build.0 = Release|Any CPU
		{EA3C0E0A-3B54-495D-8C8A-C528B0AB62CA}.Release|x86.ActiveCfg = Release|Any CPU
		{EA3C0E0A-3B54-495D-8C8A-C528B0AB62CA}.Release|x86.Build.0 = Release|Any CPU
	EndGlobalSection
	GlobalSection(SolutionProperties) = preSolution
		HideSolutionNode = FALSE
	EndGlobalSection
	GlobalSection(NestedProjects) = preSolution
		{ECB4DCF9-D48F-4B7C-A0D9-27BB86A95B9B} = {827E0CD3-B72D-47B6-A68D-7590B98EB39B}
		{EA3C0E0A-3B54-495D-8C8A-C528B0AB62CA} = {827E0CD3-B72D-47B6-A68D-7590B98EB39B}
	EndGlobalSection
EndGlobal
